
Microsoft Visual Studio Solution File, Format Version 12.00
# Visual Studio Version 16
VisualStudioVersion = 16.0.30413.136
MinimumVisualStudioVersion = 10.0.40219.1
Project("{FAE04EC0-301F-11D3-BF4B-00C04F79EFBC}") = "Reddit News Watcher", "Reddit News Watcher\Reddit News Watcher.csproj", "{BD9B74EC-B3B5-4179-8869-BEAC3FD15A80}"
EndProject
Project("{FAE04EC0-301F-11D3-BF4B-00C04F79EFBC}") = "Reddit News Watcher Tests", "Reddit News Watcher Tests\Reddit News Watcher Tests.csproj", "{3C5C240D-CF53-430A-B0C3-A3200FFB7D0D}"
EndProject
Global
	GlobalSection(SolutionConfigurationPlatforms) = preSolution
		Debug|Any CPU = Debug|Any CPU
		Release|Any CPU = Release|Any CPU
	EndGlobalSection
	GlobalSection(ProjectConfigurationPlatforms) = postSolution
		{BD9B74EC-B3B5-4179-8869-BEAC3FD15A80}.Debug|Any CPU.ActiveCfg = Debug|Any CPU
		{BD9B74EC-B3B5-4179-8869-BEAC3FD15A80}.Debug|Any CPU.Build.0 = Debug|Any CPU
		{BD9B74EC-B3B5-4179-8869-BEAC3FD15A80}.Release|Any CPU.ActiveCfg = Release|Any CPU
		{BD9B74EC-B3B5-4179-8869-BEAC3FD15A80}.Release|Any CPU.Build.0 = Release|Any CPU
		{3C5C240D-CF53-430A-B0C3-A3200FFB7D0D}.Debug|Any CPU.ActiveCfg = Debug|Any CPU
		{3C5C240D-CF53-430A-B0C3-A3200FFB7D0D}.Debug|Any CPU.Build.0 = Debug|Any CPU
		{3C5C240D-CF53-430A-B0C3-A3200FFB7D0D}.Release|Any CPU.ActiveCfg = Release|Any CPU
		{3C5C240D-CF53-430A-B0C3-A3200FFB7D0D}.Release|Any CPU.Build.0 = Release|Any CPU
	EndGlobalSection
	GlobalSection(SolutionProperties) = preSolution
		HideSolutionNode = FALSE
	EndGlobalSection
	GlobalSection(ExtensibilityGlobals) = postSolution
		SolutionGuid = {76C25EA9-29F6-4A43-B40B-6F206CEBEBAB}
	EndGlobalSection
EndGlobal
